
Microsoft Visual Studio Solution File, Format Version 12.00
# Visual Studio Version 16
VisualStudioVersion = 16.0.31005.135
MinimumVisualStudioVersion = 10.0.40219.1
Project("{9A19103F-16F7-4668-BE54-9A1E7A4F7556}") = "Core", "Core\Core.csproj", "{CBD4DDC7-633F-4B48-B518-D4EE66F72A47}"
EndProject
Project("{9A19103F-16F7-4668-BE54-9A1E7A4F7556}") = "WebAPI", "WebAPI\WebAPI.csproj", "{1DCDFDF3-AF80-4694-A28B-B09FACABA019}"
EndProject
Project("{9A19103F-16F7-4668-BE54-9A1E7A4F7556}") = "Business", "Business\Business.csproj", "{59E720D1-6407-46EB-AA08-241F46A8870E}"
EndProject
Project("{9A19103F-16F7-4668-BE54-9A1E7A4F7556}") = "DataAccess", "DataAccess\DataAccess.csproj", "{2556C59E-DC00-4066-9F47-49F0ABBC7901}"
EndProject
Project("{9A19103F-16F7-4668-BE54-9A1E7A4F7556}") = "Entities", "Entities\Entities.csproj", "{58A64CE1-ECB0-42EF-A0FF-855DEBF9FFBC}"
EndProject
Project("{9A19103F-16F7-4668-BE54-9A1E7A4F7556}") = "UserInterface", "UserInterface\UserInterface.csproj", "{C7154BB0-062C-4400-AFFB-79691F3870D1}"
EndProject
Global
	GlobalSection(SolutionConfigurationPlatforms) = preSolution
		Debug|Any CPU = Debug|Any CPU
		Release|Any CPU = Release|Any CPU
	EndGlobalSection
	GlobalSection(ProjectConfigurationPlatforms) = postSolution
		{CBD4DDC7-633F-4B48-B518-D4EE66F72A47}.Debug|Any CPU.ActiveCfg = Debug|Any CPU
		{CBD4DDC7-633F-4B48-B518-D4EE66F72A47}.Debug|Any CPU.Build.0 = Debug|Any CPU
		{CBD4DDC7-633F-4B48-B518-D4EE66F72A47}.Release|Any CPU.ActiveCfg = Release|Any CPU
		{CBD4DDC7-633F-4B48-B518-D4EE66F72A47}.Release|Any CPU.Build.0 = Release|Any CPU
		{1DCDFDF3-AF80-4694-A28B-B09FACABA019}.Debug|Any CPU.ActiveCfg = Debug|Any CPU
		{1DCDFDF3-AF80-4694-A28B-B09FACABA019}.Debug|Any CPU.Build.0 = Debug|Any CPU
		{1DCDFDF3-AF80-4694-A28B-B09FACABA019}.Release|Any CPU.ActiveCfg = Release|Any CPU
		{1DCDFDF3-AF80-4694-A28B-B09FACABA019}.Release|Any CPU.Build.0 = Release|Any CPU
		{59E720D1-6407-46EB-AA08-241F46A8870E}.Debug|Any CPU.ActiveCfg = Debug|Any CPU
		{59E720D1-6407-46EB-AA08-241F46A8870E}.Debug|Any CPU.Build.0 = Debug|Any CPU
		{59E720D1-6407-46EB-AA08-241F46A8870E}.Release|Any CPU.ActiveCfg = Release|Any CPU
		{59E720D1-6407-46EB-AA08-241F46A8870E}.Release|Any CPU.Build.0 = Release|Any CPU
		{2556C59E-DC00-4066-9F47-49F0ABBC7901}.Debug|Any CPU.ActiveCfg = Debug|Any CPU
		{2556C59E-DC00-4066-9F47-49F0ABBC7901}.Debug|Any CPU.Build.0 = Debug|Any CPU
		{2556C59E-DC00-4066-9F47-49F0ABBC7901}.Release|Any CPU.ActiveCfg = Release|Any CPU
		{2556C59E-DC00-4066-9F47-49F0ABBC7901}.Release|Any CPU.Build.0 = Release|Any CPU
		{58A64CE1-ECB0-42EF-A0FF-855DEBF9FFBC}.Debug|Any CPU.ActiveCfg = Debug|Any CPU
		{58A64CE1-ECB0-42EF-A0FF-855DEBF9FFBC}.Debug|Any CPU.Build.0 = Debug|Any CPU
		{58A64CE1-ECB0-42EF-A0FF-855DEBF9FFBC}.Release|Any CPU.ActiveCfg = Release|Any CPU
		{58A64CE1-ECB0-42EF-A0FF-855DEBF9FFBC}.Release|Any CPU.Build.0 = Release|Any CPU
		{C7154BB0-062C-4400-AFFB-79691F3870D1}.Debug|Any CPU.ActiveCfg = Debug|Any CPU
		{C7154BB0-062C-4400-AFFB-79691F3870D1}.Debug|Any CPU.Build.0 = Debug|Any CPU
		{C7154BB0-062C-4400-AFFB-79691F3870D1}.Release|Any CPU.ActiveCfg = Release|Any CPU
		{C7154BB0-062C-4400-AFFB-79691F3870D1}.Release|Any CPU.Build.0 = Release|Any CPU
	EndGlobalSection
	GlobalSection(SolutionProperties) = preSolution
		HideSolutionNode = FALSE
	EndGlobalSection
	GlobalSection(ExtensibilityGlobals) = postSolution
		SolutionGuid = {24F8BBBA-795E-44DF-AEE6-4126599A607E}
	EndGlobalSection
EndGlobal
